
Microsoft Visual Studio Solution File, Format Version 12.00
# Visual Studio Version 16
VisualStudioVersion = 16.0.31025.194
MinimumVisualStudioVersion = 10.0.40219.1
Project("{FAE04EC0-301F-11D3-BF4B-00C04F79EFBC}") = "CarRentMgr0611", "CarRentMgr0611.csproj", "{806044D4-6BD0-40B9-971B-BF5C539C9BCB}"
EndProject
Global
	GlobalSection(SolutionConfigurationPlatforms) = preSolution
		Debug|Any CPU = Debug|Any CPU
		Release|Any CPU = Release|Any CPU
	EndGlobalSection
	GlobalSection(ProjectConfigurationPlatforms) = postSolution
		{806044D4-6BD0-40B9-971B-BF5C539C9BCB}.Debug|Any CPU.ActiveCfg = Debug|Any CPU
		{806044D4-6BD0-40B9-971B-BF5C539C9BCB}.Debug|Any CPU.Build.0 = Debug|Any CPU
		{806044D4-6BD0-40B9-971B-BF5C539C9BCB}.Release|Any CPU.ActiveCfg = Release|Any CPU
		{806044D4-6BD0-40B9-971B-BF5C539C9BCB}.Release|Any CPU.Build.0 = Release|Any CPU
	EndGlobalSection
	GlobalSection(SolutionProperties) = preSolution
		HideSolutionNode = FALSE
	EndGlobalSection
	GlobalSection(ExtensibilityGlobals) = postSolution
		SolutionGuid = {34FB4765-352B-41F6-AD32-5DE2FB5E62C9}
	EndGlobalSection
EndGlobal
