
Microsoft Visual Studio Solution File, Format Version 12.00
# Visual Studio Version 16
VisualStudioVersion = 16.0.31025.194
MinimumVisualStudioVersion = 10.0.40219.1
Project("{FAE04EC0-301F-11D3-BF4B-00C04F79EFBC}") = "Basic0609", "Basic0609.csproj", "{244764EE-AB84-498C-AC32-D1C0002F01C1}"
EndProject
Global
	GlobalSection(SolutionConfigurationPlatforms) = preSolution
		Debug|Any CPU = Debug|Any CPU
		Release|Any CPU = Release|Any CPU
	EndGlobalSection
	GlobalSection(ProjectConfigurationPlatforms) = postSolution
		{244764EE-AB84-498C-AC32-D1C0002F01C1}.Debug|Any CPU.ActiveCfg = Debug|Any CPU
		{244764EE-AB84-498C-AC32-D1C0002F01C1}.Debug|Any CPU.Build.0 = Debug|Any CPU
		{244764EE-AB84-498C-AC32-D1C0002F01C1}.Release|Any CPU.ActiveCfg = Release|Any CPU
		{244764EE-AB84-498C-AC32-D1C0002F01C1}.Release|Any CPU.Build.0 = Release|Any CPU
	EndGlobalSection
	GlobalSection(SolutionProperties) = preSolution
		HideSolutionNode = FALSE
	EndGlobalSection
	GlobalSection(ExtensibilityGlobals) = postSolution
		SolutionGuid = {8AB433B7-54D8-453F-B58B-F275BFD50BA0}
	EndGlobalSection
EndGlobal
